
Microsoft Visual Studio Solution File, Format Version 12.00
# Visual Studio Version 16
VisualStudioVersion = 16.0.31624.102
MinimumVisualStudioVersion = 10.0.40219.1
Project("{FAE04EC0-301F-11D3-BF4B-00C04F79EFBC}") = "prjNetScreen", "prjNetScreen\prjNetScreen.csproj", "{1E838E9D-36CC-4F68-8A9A-5C74B4F42614}"
EndProject
Project("{2150E333-8FDC-42A3-9474-1A3956D46DE8}") = "Client", "Client", "{3AD801BA-C2A2-4C69-BB25-8D6ABD429009}"
EndProject
Project("{2150E333-8FDC-42A3-9474-1A3956D46DE8}") = "Server", "Server", "{409A0C4C-616F-433E-B8DF-69F5B1FB5922}"
EndProject
Project("{2150E333-8FDC-42A3-9474-1A3956D46DE8}") = "Common", "Common", "{3AC5D54A-6022-4B80-A916-328111AE9BB7}"
EndProject
Project("{2150E333-8FDC-42A3-9474-1A3956D46DE8}") = "Test", "Test", "{9C29EEDC-0F1B-4DB3-BBD0-725D0B9E21C6}"
EndProject
Project("{FAE04EC0-301F-11D3-BF4B-00C04F79EFBC}") = "Server", "Server\Server.csproj", "{21B6CB48-252A-4E65-9439-66990299B769}"
EndProject
Project("{FAE04EC0-301F-11D3-BF4B-00C04F79EFBC}") = "MsTest", "MsTest\MsTest.csproj", "{222EC062-75C5-4690-B6F7-A87CE7135A12}"
EndProject
Project("{FAE04EC0-301F-11D3-BF4B-00C04F79EFBC}") = "DAO", "DAO\DAO.csproj", "{63A9392C-B2C9-42EB-90C0-4AFF78380F63}"
EndProject
Project("{FAE04EC0-301F-11D3-BF4B-00C04F79EFBC}") = "Common", "Common\Common.csproj", "{AF4513AA-511D-4015-9903-4CF860CBC106}"
EndProject
Project("{FAE04EC0-301F-11D3-BF4B-00C04F79EFBC}") = "BUS", "BUS\BUS.csproj", "{DB93BD86-43D4-4021-BEDA-0803919735C6}"
EndProject
Global
	GlobalSection(SolutionConfigurationPlatforms) = preSolution
		Debug|Any CPU = Debug|Any CPU
		Release|Any CPU = Release|Any CPU
	EndGlobalSection
	GlobalSection(ProjectConfigurationPlatforms) = postSolution
		{1E838E9D-36CC-4F68-8A9A-5C74B4F42614}.Debug|Any CPU.ActiveCfg = Debug|Any CPU
		{1E838E9D-36CC-4F68-8A9A-5C74B4F42614}.Debug|Any CPU.Build.0 = Debug|Any CPU
		{1E838E9D-36CC-4F68-8A9A-5C74B4F42614}.Release|Any CPU.ActiveCfg = Release|Any CPU
		{1E838E9D-36CC-4F68-8A9A-5C74B4F42614}.Release|Any CPU.Build.0 = Release|Any CPU
		{21B6CB48-252A-4E65-9439-66990299B769}.Debug|Any CPU.ActiveCfg = Debug|Any CPU
		{21B6CB48-252A-4E65-9439-66990299B769}.Debug|Any CPU.Build.0 = Debug|Any CPU
		{21B6CB48-252A-4E65-9439-66990299B769}.Release|Any CPU.ActiveCfg = Release|Any CPU
		{21B6CB48-252A-4E65-9439-66990299B769}.Release|Any CPU.Build.0 = Release|Any CPU
		{222EC062-75C5-4690-B6F7-A87CE7135A12}.Debug|Any CPU.ActiveCfg = Debug|Any CPU
		{222EC062-75C5-4690-B6F7-A87CE7135A12}.Debug|Any CPU.Build.0 = Debug|Any CPU
		{222EC062-75C5-4690-B6F7-A87CE7135A12}.Release|Any CPU.ActiveCfg = Release|Any CPU
		{222EC062-75C5-4690-B6F7-A87CE7135A12}.Release|Any CPU.Build.0 = Release|Any CPU
		{63A9392C-B2C9-42EB-90C0-4AFF78380F63}.Debug|Any CPU.ActiveCfg = Debug|Any CPU
		{63A9392C-B2C9-42EB-90C0-4AFF78380F63}.Debug|Any CPU.Build.0 = Debug|Any CPU
		{63A9392C-B2C9-42EB-90C0-4AFF78380F63}.Release|Any CPU.ActiveCfg = Release|Any CPU
		{63A9392C-B2C9-42EB-90C0-4AFF78380F63}.Release|Any CPU.Build.0 = Release|Any CPU
		{AF4513AA-511D-4015-9903-4CF860CBC106}.Debug|Any CPU.ActiveCfg = Debug|Any CPU
		{AF4513AA-511D-4015-9903-4CF860CBC106}.Debug|Any CPU.Build.0 = Debug|Any CPU
		{AF4513AA-511D-4015-9903-4CF860CBC106}.Release|Any CPU.ActiveCfg = Release|Any CPU
		{AF4513AA-511D-4015-9903-4CF860CBC106}.Release|Any CPU.Build.0 = Release|Any CPU
		{DB93BD86-43D4-4021-BEDA-0803919735C6}.Debug|Any CPU.ActiveCfg = Debug|Any CPU
		{DB93BD86-43D4-4021-BEDA-0803919735C6}.Debug|Any CPU.Build.0 = Debug|Any CPU
		{DB93BD86-43D4-4021-BEDA-0803919735C6}.Release|Any CPU.ActiveCfg = Release|Any CPU
		{DB93BD86-43D4-4021-BEDA-0803919735C6}.Release|Any CPU.Build.0 = Release|Any CPU
	EndGlobalSection
	GlobalSection(SolutionProperties) = preSolution
		HideSolutionNode = FALSE
	EndGlobalSection
	GlobalSection(NestedProjects) = preSolution
		{1E838E9D-36CC-4F68-8A9A-5C74B4F42614} = {3AD801BA-C2A2-4C69-BB25-8D6ABD429009}
		{21B6CB48-252A-4E65-9439-66990299B769} = {409A0C4C-616F-433E-B8DF-69F5B1FB5922}
		{222EC062-75C5-4690-B6F7-A87CE7135A12} = {9C29EEDC-0F1B-4DB3-BBD0-725D0B9E21C6}
		{63A9392C-B2C9-42EB-90C0-4AFF78380F63} = {409A0C4C-616F-433E-B8DF-69F5B1FB5922}
		{AF4513AA-511D-4015-9903-4CF860CBC106} = {3AC5D54A-6022-4B80-A916-328111AE9BB7}
		{DB93BD86-43D4-4021-BEDA-0803919735C6} = {409A0C4C-616F-433E-B8DF-69F5B1FB5922}
	EndGlobalSection
	GlobalSection(ExtensibilityGlobals) = postSolution
		SolutionGuid = {BF6B0B63-4677-4F92-9654-F48E3194EBB9}
	EndGlobalSection
EndGlobal
